[[package]]
name = "graphviz"
version = "0.20.1"
description = "Simple Python interface for Graphviz"
category = "main"
optional = false
python-versions = ">=3.7"

[package.extras]
dev = ["tox (>=3)", "flake8", "pep8-naming", "wheel", "twine"]
docs = ["sphinx (>=5)", "sphinx-autodoc-typehints", "sphinx-rtd-theme"]
test = ["pytest (>=7)", "pytest-mock (>=3)", "mock (>=4)", "pytest-cov", "coverage"]

[[package]]
name = "marko"
version = "2.0.0"
description = "A markdown parser with high extensibility."
category = "main"
optional = false
python-versions = ">=3.7"

[package.extras]
toc = ["python-slugify"]
codehilite = ["pygments"]

[metadata]
lock-version = "1.1"
python-versions = "^3.10"
content-hash = "98ac5aede6fe5c16d9e30aabd028d019b105edc9f978198514a9231eaa789c6e"

[metadata.files]
graphviz = []
marko = []
